
Microsoft Visual Studio Solution File, Format Version 12.00
# Visual Studio Version 16
VisualStudioVersion = 16.0.29215.179
MinimumVisualStudioVersion = 15.0.26124.0
Project("{FAE04EC0-301F-11D3-BF4B-00C04F79EFBC}") = "VirtualManager.App", "src\VirtualManager.App\VirtualManager.App.csproj", "{1A9346CB-3B42-478E-AFA4-D11BFBBB79F0}"
EndProject
Project("{FAE04EC0-301F-11D3-BF4B-00C04F79EFBC}") = "VirtualManager.Business", "src\VirtualManager.Business\VirtualManager.Business.csproj", "{F56A82D6-2410-4544-94D2-A848FCDD5153}"
EndProject
Project("{FAE04EC0-301F-11D3-BF4B-00C04F79EFBC}") = "VirtualManager.Data", "src\VirtualManager.Data\VirtualManager.Data.csproj", "{3DE4228F-2475-4077-B539-7F2CC74665CC}"
EndProject
Global
	GlobalSection(SolutionConfigurationPlatforms) = preSolution
		Debug|Any CPU = Debug|Any CPU
		Debug|x64 = Debug|x64
		Debug|x86 = Debug|x86
		Release|Any CPU = Release|Any CPU
		Release|x64 = Release|x64
		Release|x86 = Release|x86
	EndGlobalSection
	GlobalSection(ProjectConfigurationPlatforms) = postSolution
		{1A9346CB-3B42-478E-AFA4-D11BFBBB79F0}.Debug|Any CPU.ActiveCfg = Debug|Any CPU
		{1A9346CB-3B42-478E-AFA4-D11BFBBB79F0}.Debug|Any CPU.Build.0 = Debug|Any CPU
		{1A9346CB-3B42-478E-AFA4-D11BFBBB79F0}.Debug|x64.ActiveCfg = Debug|Any CPU
		{1A9346CB-3B42-478E-AFA4-D11BFBBB79F0}.Debug|x64.Build.0 = Debug|Any CPU
		{1A9346CB-3B42-478E-AFA4-D11BFBBB79F0}.Debug|x86.ActiveCfg = Debug|Any CPU
		{1A9346CB-3B42-478E-AFA4-D11BFBBB79F0}.Debug|x86.Build.0 = Debug|Any CPU
		{1A9346CB-3B42-478E-AFA4-D11BFBBB79F0}.Release|Any CPU.ActiveCfg = Release|Any CPU
		{1A9346CB-3B42-478E-AFA4-D11BFBBB79F0}.Release|Any CPU.Build.0 = Release|Any CPU
		{1A9346CB-3B42-478E-AFA4-D11BFBBB79F0}.Release|x64.ActiveCfg = Release|Any CPU
		{1A9346CB-3B42-478E-AFA4-D11BFBBB79F0}.Release|x64.Build.0 = Release|Any CPU
		{1A9346CB-3B42-478E-AFA4-D11BFBBB79F0}.Release|x86.ActiveCfg = Release|Any CPU
		{1A9346CB-3B42-478E-AFA4-D11BFBBB79F0}.Release|x86.Build.0 = Release|Any CPU
		{F56A82D6-2410-4544-94D2-A848FCDD5153}.Debug|Any CPU.ActiveCfg = Debug|Any CPU
		{F56A82D6-2410-4544-94D2-A848FCDD5153}.Debug|Any CPU.Build.0 = Debug|Any CPU
		{F56A82D6-2410-4544-94D2-A848FCDD5153}.Debug|x64.ActiveCfg = Debug|Any CPU
		{F56A82D6-2410-4544-94D2-A848FCDD5153}.Debug|x64.Build.0 = Debug|Any CPU
		{F56A82D6-2410-4544-94D2-A848FCDD5153}.Debug|x86.ActiveCfg = Debug|Any CPU
		{F56A82D6-2410-4544-94D2-A848FCDD5153}.Debug|x86.Build.0 = Debug|Any CPU
		{F56A82D6-2410-4544-94D2-A848FCDD5153}.Release|Any CPU.ActiveCfg = Release|Any CPU
		{F56A82D6-2410-4544-94D2-A848FCDD5153}.Release|Any CPU.Build.0 = Release|Any CPU
		{F56A82D6-2410-4544-94D2-A848FCDD5153}.Release|x64.ActiveCfg = Release|Any CPU
		{F56A82D6-2410-4544-94D2-A848FCDD5153}.Release|x64.Build.0 = Release|Any CPU
		{F56A82D6-2410-4544-94D2-A848FCDD5153}.Release|x86.ActiveCfg = Release|Any CPU
		{F56A82D6-2410-4544-94D2-A848FCDD5153}.Release|x86.Build.0 = Release|Any CPU
		{3DE4228F-2475-4077-B539-7F2CC74665CC}.Debug|Any CPU.ActiveCfg = Debug|Any CPU
		{3DE4228F-2475-4077-B539-7F2CC74665CC}.Debug|Any CPU.Build.0 = Debug|Any CPU
		{3DE4228F-2475-4077-B539-7F2CC74665CC}.Debug|x64.ActiveCfg = Debug|Any CPU
		{3DE4228F-2475-4077-B539-7F2CC74665CC}.Debug|x64.Build.0 = Debug|Any CPU
		{3DE4228F-2475-4077-B539-7F2CC74665CC}.Debug|x86.ActiveCfg = Debug|Any CPU
		{3DE4228F-2475-4077-B539-7F2CC74665CC}.Debug|x86.Build.0 = Debug|Any CPU
		{3DE4228F-2475-4077-B539-7F2CC74665CC}.Release|Any CPU.ActiveCfg = Release|Any CPU
		{3DE4228F-2475-4077-B539-7F2CC74665CC}.Release|Any CPU.Build.0 = Release|Any CPU
		{3DE4228F-2475-4077-B539-7F2CC74665CC}.Release|x64.ActiveCfg = Release|Any CPU
		{3DE4228F-2475-4077-B539-7F2CC74665CC}.Release|x64.Build.0 = Release|Any CPU
		{3DE4228F-2475-4077-B539-7F2CC74665CC}.Release|x86.ActiveCfg = Release|Any CPU
		{3DE4228F-2475-4077-B539-7F2CC74665CC}.Release|x86.Build.0 = Release|Any CPU
	EndGlobalSection
	GlobalSection(SolutionProperties) = preSolution
		HideSolutionNode = FALSE
	EndGlobalSection
	GlobalSection(ExtensibilityGlobals) = postSolution
		SolutionGuid = {87F77B70-8C21-4398-A1D0-B40DD9A78DFF}
	EndGlobalSection
EndGlobal
